// !$*UTF8*$!
{
	archiveVersion = 1;
	classes = {
	};
	objectVersion = 56;
	objects = {

/* Begin PBXBuildFile section */
		D602919B29F7A0500052F63C /* AccountViewController.swift in Sources */ = {isa = PBXBuildFile; fileRef = D602919A29F7A0500052F63C /* AccountViewController.swift */; };
		D602919D29F7A33B0052F63C /* TabBarViewController.swift in Sources */ = {isa = PBXBuildFile; fileRef = D602919C29F7A33B0052F63C /* TabBarViewController.swift */; };
		D60291A029F7AA750052F63C /* GoogleSignIn in Frameworks */ = {isa = PBXBuildFile; productRef = D602919F29F7AA750052F63C /* GoogleSignIn */; };
		D60291A229F7AA750052F63C /* GoogleSignInSwift in Frameworks */ = {isa = PBXBuildFile; productRef = D60291A129F7AA750052F63C /* GoogleSignInSwift */; };
		D606159E29F7DCD70002524E /* ExerciseCategoryTableViewController.swift in Sources */ = {isa = PBXBuildFile; fileRef = D606159D29F7DCD70002524E /* ExerciseCategoryTableViewController.swift */; };
		D60615A029F7DCE50002524E /* ExerciseSelectionTableViewController.swift in Sources */ = {isa = PBXBuildFile; fileRef = D606159F29F7DCE50002524E /* ExerciseSelectionTableViewController.swift */; };
		D60615A229F7DCF70002524E /* ExerciseCreationViewController.swift in Sources */ = {isa = PBXBuildFile; fileRef = D60615A129F7DCF70002524E /* ExerciseCreationViewController.swift */; };
		D618C70429F676C2000A4D5B /* Session.swift in Sources */ = {isa = PBXBuildFile; fileRef = D618C70329F676C2000A4D5B /* Session.swift */; };
		D618C70629F676CB000A4D5B /* Exercise.swift in Sources */ = {isa = PBXBuildFile; fileRef = D618C70529F676CB000A4D5B /* Exercise.swift */; };
		D618C70829F676D3000A4D5B /* Routine.swift in Sources */ = {isa = PBXBuildFile; fileRef = D618C70729F676D3000A4D5B /* Routine.swift */; };
		D618C70A29F676E9000A4D5B /* FirebaseController.swift in Sources */ = {isa = PBXBuildFile; fileRef = D618C70929F676E9000A4D5B /* FirebaseController.swift */; };
		D618C70C29F676FF000A4D5B /* DatabaseController.swift in Sources */ = {isa = PBXBuildFile; fileRef = D618C70B29F676FF000A4D5B /* DatabaseController.swift */; };
		D61ECE182A2E9B2100732BA1 /* CoreSession+CoreDataClass.swift in Sources */ = {isa = PBXBuildFile; fileRef = D61ECE102A2E9B2100732BA1 /* CoreSession+CoreDataClass.swift */; };
		D61ECE192A2E9B2100732BA1 /* CoreSession+CoreDataProperties.swift in Sources */ = {isa = PBXBuildFile; fileRef = D61ECE112A2E9B2100732BA1 /* CoreSession+CoreDataProperties.swift */; };
		D61ECE1A2A2E9B2100732BA1 /* CoreSetRepWeight+CoreDataClass.swift in Sources */ = {isa = PBXBuildFile; fileRef = D61ECE122A2E9B2100732BA1 /* CoreSetRepWeight+CoreDataClass.swift */; };
		D61ECE1B2A2E9B2100732BA1 /* CoreSetRepWeight+CoreDataProperties.swift in Sources */ = {isa = PBXBuildFile; fileRef = D61ECE132A2E9B2100732BA1 /* CoreSetRepWeight+CoreDataProperties.swift */; };
		D61ECE1C2A2E9B2100732BA1 /* CoreSessionExercise+CoreDataClass.swift in Sources */ = {isa = PBXBuildFile; fileRef = D61ECE142A2E9B2100732BA1 /* CoreSessionExercise+CoreDataClass.swift */; };
		D61ECE1D2A2E9B2100732BA1 /* CoreSessionExercise+CoreDataProperties.swift in Sources */ = {isa = PBXBuildFile; fileRef = D61ECE152A2E9B2100732BA1 /* CoreSessionExercise+CoreDataProperties.swift */; };
		D61ECE1E2A2E9B2100732BA1 /* CoreExercise+CoreDataClass.swift in Sources */ = {isa = PBXBuildFile; fileRef = D61ECE162A2E9B2100732BA1 /* CoreExercise+CoreDataClass.swift */; };
		D61ECE1F2A2E9B2100732BA1 /* CoreExercise+CoreDataProperties.swift in Sources */ = {isa = PBXBuildFile; fileRef = D61ECE172A2E9B2100732BA1 /* CoreExercise+CoreDataProperties.swift */; };
		D61ECE222A300C2000732BA1 /* RoutineSetEditViewController.swift in Sources */ = {isa = PBXBuildFile; fileRef = D61ECE212A300C2000732BA1 /* RoutineSetEditViewController.swift */; };
		D61ECE252A31A17800732BA1 /* PreviousSessionViewController.swift in Sources */ = {isa = PBXBuildFile; fileRef = D61ECE242A31A17800732BA1 /* PreviousSessionViewController.swift */; };
		D61ECE282A31BD9300732BA1 /* StatisticRoutineSelectionTableViewController.swift in Sources */ = {isa = PBXBuildFile; fileRef = D61ECE272A31BD9300732BA1 /* StatisticRoutineSelectionTableViewController.swift */; };
		D61ECE2A2A31BFC500732BA1 /* StatisticExerciseSelectionTableViewController.swift in Sources */ = {isa = PBXBuildFile; fileRef = D61ECE292A31BFC500732BA1 /* StatisticExerciseSelectionTableViewController.swift */; };
		D61ECE2C2A31C25100732BA1 /* StatisticViewController.swift in Sources */ = {isa = PBXBuildFile; fileRef = D61ECE2B2A31C25100732BA1 /* StatisticViewController.swift */; };
		D61ECE2E2A31E01800732BA1 /* LineBarView.swift in Sources */ = {isa = PBXBuildFile; fileRef = D61ECE2D2A31E01800732BA1 /* LineBarView.swift */; };
		D6443F422A1CB7F300F05F4F /* HomeScreenViewController.swift in Sources */ = {isa = PBXBuildFile; fileRef = D6443F412A1CB7F300F05F4F /* HomeScreenViewController.swift */; };
		D649001929EE154F00390C22 /* FirebaseAuth in Frameworks */ = {isa = PBXBuildFile; productRef = D649001829EE154F00390C22 /* FirebaseAuth */; };
		D649001B29EE154F00390C22 /* FirebaseFirestore in Frameworks */ = {isa = PBXBuildFile; productRef = D649001A29EE154F00390C22 /* FirebaseFirestore */; };
		D649001D29EE154F00390C22 /* FirebaseFirestoreSwift in Frameworks */ = {isa = PBXBuildFile; productRef = D649001C29EE154F00390C22 /* FirebaseFirestoreSwift */; };
		D649001F29EE1B7D00390C22 /* GoogleService-Info.plist in Resources */ = {isa = PBXBuildFile; fileRef = D649001E29EE1B7D00390C22 /* GoogleService-Info.plist */; };
		D663656929EE114800EF5F0F /* AppDelegate.swift in Sources */ = {isa = PBXBuildFile; fileRef = D663656829EE114800EF5F0F /* AppDelegate.swift */; };
		D663656B29EE114800EF5F0F /* SceneDelegate.swift in Sources */ = {isa = PBXBuildFile; fileRef = D663656A29EE114800EF5F0F /* SceneDelegate.swift */; };
		D663656D29EE114800EF5F0F /* ViewController.swift in Sources */ = {isa = PBXBuildFile; fileRef = D663656C29EE114800EF5F0F /* ViewController.swift */; };
		D663657329EE114800EF5F0F /* FIT3178_Assignment_Project.xcdatamodeld in Sources */ = {isa = PBXBuildFile; fileRef = D663657129EE114800EF5F0F /* FIT3178_Assignment_Project.xcdatamodeld */; };
		D663657529EE114900EF5F0F /* Assets.xcassets in Resources */ = {isa = PBXBuildFile; fileRef = D663657429EE114900EF5F0F /* Assets.xcassets */; };
		D663657829EE114900EF5F0F /* LaunchScreen.storyboard in Resources */ = {isa = PBXBuildFile; fileRef = D663657629EE114900EF5F0F /* LaunchScreen.storyboard */; };
		D664A70429FF9A1E008EF5C5 /* ChooseCategoryTableViewController.swift in Sources */ = {isa = PBXBuildFile; fileRef = D664A70329FF9A1E008EF5C5 /* ChooseCategoryTableViewController.swift */; };
		D664A70629FF9BF2008EF5C5 /* ChooseDifficultyTableViewController.swift in Sources */ = {isa = PBXBuildFile; fileRef = D664A70529FF9BF2008EF5C5 /* ChooseDifficultyTableViewController.swift */; };
		D689D75E2A1C8712004B2D32 /* contents.xcdatamodeld in Sources */ = {isa = PBXBuildFile; fileRef = D689D75C2A1C8712004B2D32 /* contents.xcdatamodeld */; };
		D69A47C529F7CEBA00462196 /* Main.storyboard in Resources */ = {isa = PBXBuildFile; fileRef = D69A47C329F7CEBA00462196 /* Main.storyboard */; };
		D6A283342A08F7840010896B /* RoutineSelectionTableViewController.swift in Sources */ = {isa = PBXBuildFile; fileRef = D6A283332A08F7840010896B /* RoutineSelectionTableViewController.swift */; };
		D6A2833D2A0A0AB20010896B /* RoutineExerciseViewController.swift in Sources */ = {isa = PBXBuildFile; fileRef = D6A2833C2A0A0AB20010896B /* RoutineExerciseViewController.swift */; };
		D6A6E07529F687D000A90AE5 /* LoginViewController.swift in Sources */ = {isa = PBXBuildFile; fileRef = D6A6E07429F687D000A90AE5 /* LoginViewController.swift */; };
		D6A6E07729F687DF00A90AE5 /* EmailLoginViewController.swift in Sources */ = {isa = PBXBuildFile; fileRef = D6A6E07629F687DF00A90AE5 /* EmailLoginViewController.swift */; };
		D6AC5E9729F689ED00F09150 /* MutlicastDelegate.swift in Sources */ = {isa = PBXBuildFile; fileRef = D6AC5E9629F689ED00F09150 /* MutlicastDelegate.swift */; };
		D6B93FB42A1AF1C90006BD3A /* SessionViewController.swift in Sources */ = {isa = PBXBuildFile; fileRef = D6B93FB32A1AF1C90006BD3A /* SessionViewController.swift */; };
/* End PBXBuildFile section */

/* Begin PBXFileReference section */
		D602919A29F7A0500052F63C /* AccountViewController.swift */ = {isa = PBXFileReference; lastKnownFileType = sourcecode.swift; path = AccountViewController.swift; sourceTree = "<group>"; };
		D602919C29F7A33B0052F63C /* TabBarViewController.swift */ = {isa = PBXFileReference; lastKnownFileType = sourcecode.swift; path = TabBarViewController.swift; sourceTree = "<group>"; };
		D606159D29F7DCD70002524E /* ExerciseCategoryTableViewController.swift */ = {isa = PBXFileReference; lastKnownFileType = sourcecode.swift; path = ExerciseCategoryTableViewController.swift; sourceTree = "<group>"; };
		D606159F29F7DCE50002524E /* ExerciseSelectionTableViewController.swift */ = {isa = PBXFileReference; lastKnownFileType = sourcecode.swift; path = ExerciseSelectionTableViewController.swift; sourceTree = "<group>"; };
		D60615A129F7DCF70002524E /* ExerciseCreationViewController.swift */ = {isa = PBXFileReference; lastKnownFileType = sourcecode.swift; path = ExerciseCreationViewController.swift; sourceTree = "<group>"; };
		D618C70329F676C2000A4D5B /* Session.swift */ = {isa = PBXFileReference; lastKnownFileType = sourcecode.swift; path = Session.swift; sourceTree = "<group>"; };
		D618C70529F676CB000A4D5B /* Exercise.swift */ = {isa = PBXFileReference; lastKnownFileType = sourcecode.swift; path = Exercise.swift; sourceTree = "<group>"; };
		D618C70729F676D3000A4D5B /* Routine.swift */ = {isa = PBXFileReference; lastKnownFileType = sourcecode.swift; path = Routine.swift; sourceTree = "<group>"; };
		D618C70929F676E9000A4D5B /* FirebaseController.swift */ = {isa = PBXFileReference; lastKnownFileType = sourcecode.swift; path = FirebaseController.swift; sourceTree = "<group>"; };
		D618C70B29F676FF000A4D5B /* DatabaseController.swift */ = {isa = PBXFileReference; lastKnownFileType = sourcecode.swift; path = DatabaseController.swift; sourceTree = "<group>"; };
		D61ECE102A2E9B2100732BA1 /* CoreSession+CoreDataClass.swift */ = {isa = PBXFileReference; lastKnownFileType = sourcecode.swift; path = "CoreSession+CoreDataClass.swift"; sourceTree = "<group>"; };
		D61ECE112A2E9B2100732BA1 /* CoreSession+CoreDataProperties.swift */ = {isa = PBXFileReference; lastKnownFileType = sourcecode.swift; path = "CoreSession+CoreDataProperties.swift"; sourceTree = "<group>"; };
		D61ECE122A2E9B2100732BA1 /* CoreSetRepWeight+CoreDataClass.swift */ = {isa = PBXFileReference; lastKnownFileType = sourcecode.swift; path = "CoreSetRepWeight+CoreDataClass.swift"; sourceTree = "<group>"; };
		D61ECE132A2E9B2100732BA1 /* CoreSetRepWeight+CoreDataProperties.swift */ = {isa = PBXFileReference; lastKnownFileType = sourcecode.swift; path = "CoreSetRepWeight+CoreDataProperties.swift"; sourceTree = "<group>"; };
		D61ECE142A2E9B2100732BA1 /* CoreSessionExercise+CoreDataClass.swift */ = {isa = PBXFileReference; lastKnownFileType = sourcecode.swift; path = "CoreSessionExercise+CoreDataClass.swift"; sourceTree = "<group>"; };
		D61ECE152A2E9B2100732BA1 /* CoreSessionExercise+CoreDataProperties.swift */ = {isa = PBXFileReference; lastKnownFileType = sourcecode.swift; path = "CoreSessionExercise+CoreDataProperties.swift"; sourceTree = "<group>"; };
		D61ECE162A2E9B2100732BA1 /* CoreExercise+CoreDataClass.swift */ = {isa = PBXFileReference; lastKnownFileType = sourcecode.swift; path = "CoreExercise+CoreDataClass.swift"; sourceTree = "<group>"; };
		D61ECE172A2E9B2100732BA1 /* CoreExercise+CoreDataProperties.swift */ = {isa = PBXFileReference; lastKnownFileType = sourcecode.swift; path = "CoreExercise+CoreDataProperties.swift"; sourceTree = "<group>"; };
		D61ECE212A300C2000732BA1 /* RoutineSetEditViewController.swift */ = {isa = PBXFileReference; lastKnownFileType = sourcecode.swift; path = RoutineSetEditViewController.swift; sourceTree = "<group>"; };
		D61ECE242A31A17800732BA1 /* PreviousSessionViewController.swift */ = {isa = PBXFileReference; lastKnownFileType = sourcecode.swift; path = PreviousSessionViewController.swift; sourceTree = "<group>"; };
		D61ECE272A31BD9300732BA1 /* StatisticRoutineSelectionTableViewController.swift */ = {isa = PBXFileReference; lastKnownFileType = sourcecode.swift; path = StatisticRoutineSelectionTableViewController.swift; sourceTree = "<group>"; };
		D61ECE292A31BFC500732BA1 /* StatisticExerciseSelectionTableViewController.swift */ = {isa = PBXFileReference; lastKnownFileType = sourcecode.swift; path = StatisticExerciseSelectionTableViewController.swift; sourceTree = "<group>"; };
		D61ECE2B2A31C25100732BA1 /* StatisticViewController.swift */ = {isa = PBXFileReference; lastKnownFileType = sourcecode.swift; path = StatisticViewController.swift; sourceTree = "<group>"; };
		D61ECE2D2A31E01800732BA1 /* LineBarView.swift */ = {isa = PBXFileReference; lastKnownFileType = sourcecode.swift; path = LineBarView.swift; sourceTree = "<group>"; };
		D6443F412A1CB7F300F05F4F /* HomeScreenViewController.swift */ = {isa = PBXFileReference; lastKnownFileType = sourcecode.swift; path = HomeScreenViewController.swift; sourceTree = "<group>"; };
		D649001E29EE1B7D00390C22 /* GoogleService-Info.plist */ = {isa = PBXFileReference; fileEncoding = 4; lastKnownFileType = text.plist.xml; name = "GoogleService-Info.plist"; path = "../../../../../../Downloads/GoogleService-Info.plist"; sourceTree = "<group>"; };
		D663656529EE114800EF5F0F /* FIT3178-Assignment-Project.app */ = {isa = PBXFileReference; explicitFileType = wrapper.application; includeInIndex = 0; path = "FIT3178-Assignment-Project.app"; sourceTree = BUILT_PRODUCTS_DIR; };
		D663656829EE114800EF5F0F /* AppDelegate.swift */ = {isa = PBXFileReference; lastKnownFileType = sourcecode.swift; path = AppDelegate.swift; sourceTree = "<group>"; };
		D663656A29EE114800EF5F0F /* SceneDelegate.swift */ = {isa = PBXFileReference; lastKnownFileType = sourcecode.swift; path = SceneDelegate.swift; sourceTree = "<group>"; };
		D663656C29EE114800EF5F0F /* ViewController.swift */ = {isa = PBXFileReference; lastKnownFileType = sourcecode.swift; path = ViewController.swift; sourceTree = "<group>"; };
		D663657229EE114800EF5F0F /* FIT3178_Assignment_Project.xcdatamodel */ = {isa = PBXFileReference; lastKnownFileType = wrapper.xcdatamodel; path = FIT3178_Assignment_Project.xcdatamodel; sourceTree = "<group>"; };
		D663657429EE114900EF5F0F /* Assets.xcassets */ = {isa = PBXFileReference; lastKnownFileType = folder.assetcatalog; path = Assets.xcassets; sourceTree = "<group>"; };
		D663657729EE114900EF5F0F /* Base */ = {isa = PBXFileReference; lastKnownFileType = file.storyboard; name = Base; path = Base.lproj/LaunchScreen.storyboard; sourceTree = "<group>"; };
		D663657929EE114900EF5F0F /* Info.plist */ = {isa = PBXFileReference; lastKnownFileType = text.plist.xml; path = Info.plist; sourceTree = "<group>"; };
		D664A70329FF9A1E008EF5C5 /* ChooseCategoryTableViewController.swift */ = {isa = PBXFileReference; lastKnownFileType = sourcecode.swift; path = ChooseCategoryTableViewController.swift; sourceTree = "<group>"; };
		D664A70529FF9BF2008EF5C5 /* ChooseDifficultyTableViewController.swift */ = {isa = PBXFileReference; lastKnownFileType = sourcecode.swift; path = ChooseDifficultyTableViewController.swift; sourceTree = "<group>"; };
		D689D75D2A1C8712004B2D32 /* contents.xcdatamodel */ = {isa = PBXFileReference; lastKnownFileType = wrapper.xcdatamodel; path = contents.xcdatamodel; sourceTree = "<group>"; };
		D69A47C429F7CEBA00462196 /* Base */ = {isa = PBXFileReference; lastKnownFileType = file.storyboard; name = Base; path = Base.lproj/Main.storyboard; sourceTree = "<group>"; };
		D6A283332A08F7840010896B /* RoutineSelectionTableViewController.swift */ = {isa = PBXFileReference; lastKnownFileType = sourcecode.swift; path = RoutineSelectionTableViewController.swift; sourceTree = "<group>"; };
		D6A2833C2A0A0AB20010896B /* RoutineExerciseViewController.swift */ = {isa = PBXFileReference; lastKnownFileType = sourcecode.swift; path = RoutineExerciseViewController.swift; sourceTree = "<group>"; };
		D6A6E07429F687D000A90AE5 /* LoginViewController.swift */ = {isa = PBXFileReference; lastKnownFileType = sourcecode.swift; path = LoginViewController.swift; sourceTree = "<group>"; };
		D6A6E07629F687DF00A90AE5 /* EmailLoginViewController.swift */ = {isa = PBXFileReference; lastKnownFileType = sourcecode.swift; path = EmailLoginViewController.swift; sourceTree = "<group>"; };
		D6AC5E9629F689ED00F09150 /* MutlicastDelegate.swift */ = {isa = PBXFileReference; lastKnownFileType = sourcecode.swift; path = MutlicastDelegate.swift; sourceTree = "<group>"; };
		D6B93FB32A1AF1C90006BD3A /* SessionViewController.swift */ = {isa = PBXFileReference; lastKnownFileType = sourcecode.swift; path = SessionViewController.swift; sourceTree = "<group>"; };
/* End PBXFileReference section */

/* Begin PBXFrameworksBuildPhase section */
		D663656229EE114800EF5F0F /* Frameworks */ = {
			isa = PBXFrameworksBuildPhase;
			buildActionMask = 2147483647;
			files = (
				D60291A229F7AA750052F63C /* GoogleSignInSwift in Frameworks */,
				D649001929EE154F00390C22 /* FirebaseAuth in Frameworks */,
				D60291A029F7AA750052F63C /* GoogleSignIn in Frameworks */,
				D649001B29EE154F00390C22 /* FirebaseFirestore in Frameworks */,
				D649001D29EE154F00390C22 /* FirebaseFirestoreSwift in Frameworks */,
			);
			runOnlyForDeploymentPostprocessing = 0;
		};
/* End PBXFrameworksBuildPhase section */

/* Begin PBXGroup section */
		D61ECE202A2F233800732BA1 /* Home */ = {
			isa = PBXGroup;
			children = (
				D6443F412A1CB7F300F05F4F /* HomeScreenViewController.swift */,
			);
			path = Home;
			sourceTree = "<group>";
		};
		D61ECE262A31BD1E00732BA1 /* Statistics */ = {
			isa = PBXGroup;
			children = (
				D61ECE272A31BD9300732BA1 /* StatisticRoutineSelectionTableViewController.swift */,
				D61ECE292A31BFC500732BA1 /* StatisticExerciseSelectionTableViewController.swift */,
				D61ECE2B2A31C25100732BA1 /* StatisticViewController.swift */,
				D61ECE2D2A31E01800732BA1 /* LineBarView.swift */,
			);
			path = Statistics;
			sourceTree = "<group>";
		};
		D649001529EE149A00390C22 /* Database */ = {
			isa = PBXGroup;
			children = (
				D618C70929F676E9000A4D5B /* FirebaseController.swift */,
				D618C70B29F676FF000A4D5B /* DatabaseController.swift */,
				D6AC5E9629F689ED00F09150 /* MutlicastDelegate.swift */,
			);
			path = Database;
			sourceTree = "<group>";
		};
		D649001629EE14BC00390C22 /* Datamodel */ = {
			isa = PBXGroup;
			children = (
				D689D75B2A1C86E1004B2D32 /* CoreDataModel */,
				D618C70329F676C2000A4D5B /* Session.swift */,
				D618C70529F676CB000A4D5B /* Exercise.swift */,
				D618C70729F676D3000A4D5B /* Routine.swift */,
			);
			path = Datamodel;
			sourceTree = "<group>";
		};
		D663655C29EE114800EF5F0F = {
			isa = PBXGroup;
			children = (
				D663656729EE114800EF5F0F /* FIT3178-Assignment-Project */,
				D663656629EE114800EF5F0F /* Products */,
			);
			sourceTree = "<group>";
		};
		D663656629EE114800EF5F0F /* Products */ = {
			isa = PBXGroup;
			children = (
				D663656529EE114800EF5F0F /* FIT3178-Assignment-Project.app */,
			);
			name = Products;
			sourceTree = "<group>";
		};
		D663656729EE114800EF5F0F /* FIT3178-Assignment-Project */ = {
			isa = PBXGroup;
			children = (
				D61ECE262A31BD1E00732BA1 /* Statistics */,
				D61ECE202A2F233800732BA1 /* Home */,
				D6B93FAC2A1A1C8F0006BD3A /* Session */,
				D6A283322A08F76F0010896B /* Routines */,
				D664A70229FF99A2008EF5C5 /* Login */,
				D664A70129FF9984008EF5C5 /* Exercise Selection */,
				D69A47C329F7CEBA00462196 /* Main.storyboard */,
				D649001E29EE1B7D00390C22 /* GoogleService-Info.plist */,
				D649001629EE14BC00390C22 /* Datamodel */,
				D649001529EE149A00390C22 /* Database */,
				D663656829EE114800EF5F0F /* AppDelegate.swift */,
				D663656A29EE114800EF5F0F /* SceneDelegate.swift */,
				D663656C29EE114800EF5F0F /* ViewController.swift */,
				D663657429EE114900EF5F0F /* Assets.xcassets */,
				D663657629EE114900EF5F0F /* LaunchScreen.storyboard */,
				D663657929EE114900EF5F0F /* Info.plist */,
				D663657129EE114800EF5F0F /* FIT3178_Assignment_Project.xcdatamodeld */,
				D602919A29F7A0500052F63C /* AccountViewController.swift */,
				D602919C29F7A33B0052F63C /* TabBarViewController.swift */,
			);
			path = "FIT3178-Assignment-Project";
			sourceTree = "<group>";
		};
		D664A70129FF9984008EF5C5 /* Exercise Selection */ = {
			isa = PBXGroup;
			children = (
				D606159D29F7DCD70002524E /* ExerciseCategoryTableViewController.swift */,
				D606159F29F7DCE50002524E /* ExerciseSelectionTableViewController.swift */,
				D60615A129F7DCF70002524E /* ExerciseCreationViewController.swift */,
				D664A70329FF9A1E008EF5C5 /* ChooseCategoryTableViewController.swift */,
				D664A70529FF9BF2008EF5C5 /* ChooseDifficultyTableViewController.swift */,
			);
			path = "Exercise Selection";
			sourceTree = "<group>";
		};
		D664A70229FF99A2008EF5C5 /* Login */ = {
			isa = PBXGroup;
			children = (
				D6A6E07429F687D000A90AE5 /* LoginViewController.swift */,
				D6A6E07629F687DF00A90AE5 /* EmailLoginViewController.swift */,
			);
			path = Login;
			sourceTree = "<group>";
		};
		D689D75B2A1C86E1004B2D32 /* CoreDataModel */ = {
			isa = PBXGroup;
			children = (
				D61ECE102A2E9B2100732BA1 /* CoreSession+CoreDataClass.swift */,
				D61ECE112A2E9B2100732BA1 /* CoreSession+CoreDataProperties.swift */,
				D61ECE122A2E9B2100732BA1 /* CoreSetRepWeight+CoreDataClass.swift */,
				D61ECE132A2E9B2100732BA1 /* CoreSetRepWeight+CoreDataProperties.swift */,
				D61ECE142A2E9B2100732BA1 /* CoreSessionExercise+CoreDataClass.swift */,
				D61ECE152A2E9B2100732BA1 /* CoreSessionExercise+CoreDataProperties.swift */,
				D61ECE162A2E9B2100732BA1 /* CoreExercise+CoreDataClass.swift */,
				D61ECE172A2E9B2100732BA1 /* CoreExercise+CoreDataProperties.swift */,
				D689D75C2A1C8712004B2D32 /* contents.xcdatamodeld */,
			);
			path = CoreDataModel;
			sourceTree = "<group>";
		};
		D6A283322A08F76F0010896B /* Routines */ = {
			isa = PBXGroup;
			children = (
				D6A283332A08F7840010896B /* RoutineSelectionTableViewController.swift */,
				D6A2833C2A0A0AB20010896B /* RoutineExerciseViewController.swift */,
				D61ECE212A300C2000732BA1 /* RoutineSetEditViewController.swift */,
			);
			path = Routines;
			sourceTree = "<group>";
		};
		D6B93FAC2A1A1C8F0006BD3A /* Session */ = {
			isa = PBXGroup;
			children = (
				D6B93FB32A1AF1C90006BD3A /* SessionViewController.swift */,
				D61ECE242A31A17800732BA1 /* PreviousSessionViewController.swift */,
			);
			path = Session;
			sourceTree = "<group>";
		};
/* End PBXGroup section */

/* Begin PBXNativeTarget section */
		D663656429EE114800EF5F0F /* FIT3178-Assignment-Project */ = {
			isa = PBXNativeTarget;
			buildConfigurationList = D663657C29EE114900EF5F0F /* Build configuration list for PBXNativeTarget "FIT3178-Assignment-Project" */;
			buildPhases = (
				D663656129EE114800EF5F0F /* Sources */,
				D663656229EE114800EF5F0F /* Frameworks */,
				D663656329EE114800EF5F0F /* Resources */,
			);
			buildRules = (
			);
			dependencies = (
			);
			name = "FIT3178-Assignment-Project";
			packageProductDependencies = (
				D649001829EE154F00390C22 /* FirebaseAuth */,
				D649001A29EE154F00390C22 /* FirebaseFirestore */,
				D649001C29EE154F00390C22 /* FirebaseFirestoreSwift */,
				D602919F29F7AA750052F63C /* GoogleSignIn */,
				D60291A129F7AA750052F63C /* GoogleSignInSwift */,
			);
			productName = "FIT3178-Assignment-Project";
			productReference = D663656529EE114800EF5F0F /* FIT3178-Assignment-Project.app */;
			productType = "com.apple.product-type.application";
		};
/* End PBXNativeTarget section */

/* Begin PBXProject section */
		D663655D29EE114800EF5F0F /* Project object */ = {
			isa = PBXProject;
			attributes = {
				BuildIndependentTargetsInParallel = 1;
				LastSwiftUpdateCheck = 1430;
				LastUpgradeCheck = 1430;
				TargetAttributes = {
					D663656429EE114800EF5F0F = {
						CreatedOnToolsVersion = 14.3;
					};
				};
			};
			buildConfigurationList = D663656029EE114800EF5F0F /* Build configuration list for PBXProject "FIT3178-Assignment-Project" */;
			compatibilityVersion = "Xcode 14.0";
			developmentRegion = en;
			hasScannedForEncodings = 0;
			knownRegions = (
				en,
				Base,
			);
			mainGroup = D663655C29EE114800EF5F0F;
			packageReferences = (
				D649001729EE154F00390C22 /* XCRemoteSwiftPackageReference "firebase-ios-sdk" */,
				D602919E29F7AA750052F63C /* XCRemoteSwiftPackageReference "GoogleSignIn-iOS" */,
			);
			productRefGroup = D663656629EE114800EF5F0F /* Products */;
			projectDirPath = "";
			projectRoot = "";
			targets = (
				D663656429EE114800EF5F0F /* FIT3178-Assignment-Project */,
			);
		};
/* End PBXProject section */

/* Begin PBXResourcesBuildPhase section */
		D663656329EE114800EF5F0F /* Resources */ = {
			isa = PBXResourcesBuildPhase;
			buildActionMask = 2147483647;
			files = (
				D663657829EE114900EF5F0F /* LaunchScreen.storyboard in Resources */,
				D649001F29EE1B7D00390C22 /* GoogleService-Info.plist in Resources */,
				D663657529EE114900EF5F0F /* Assets.xcassets in Resources */,
				D69A47C529F7CEBA00462196 /* Main.storyboard in Resources */,
			);
			runOnlyForDeploymentPostprocessing = 0;
		};
/* End PBXResourcesBuildPhase section */

/* Begin PBXSourcesBuildPhase section */
		D663656129EE114800EF5F0F /* Sources */ = {
			isa = PBXSourcesBuildPhase;
			buildActionMask = 2147483647;
			files = (
				D6A2833D2A0A0AB20010896B /* RoutineExerciseViewController.swift in Sources */,
				D6443F422A1CB7F300F05F4F /* HomeScreenViewController.swift in Sources */,
				D61ECE222A300C2000732BA1 /* RoutineSetEditViewController.swift in Sources */,
				D6A6E07529F687D000A90AE5 /* LoginViewController.swift in Sources */,
				D61ECE2E2A31E01800732BA1 /* LineBarView.swift in Sources */,
				D606159E29F7DCD70002524E /* ExerciseCategoryTableViewController.swift in Sources */,
				D618C70C29F676FF000A4D5B /* DatabaseController.swift in Sources */,
				D61ECE2C2A31C25100732BA1 /* StatisticViewController.swift in Sources */,
				D602919B29F7A0500052F63C /* AccountViewController.swift in Sources */,
				D6A283342A08F7840010896B /* RoutineSelectionTableViewController.swift in Sources */,
				D618C70A29F676E9000A4D5B /* FirebaseController.swift in Sources */,
				D663656D29EE114800EF5F0F /* ViewController.swift in Sources */,
				D61ECE252A31A17800732BA1 /* PreviousSessionViewController.swift in Sources */,
				D61ECE1E2A2E9B2100732BA1 /* CoreExercise+CoreDataClass.swift in Sources */,
				D663656929EE114800EF5F0F /* AppDelegate.swift in Sources */,
				D6B93FB42A1AF1C90006BD3A /* SessionViewController.swift in Sources */,
				D664A70629FF9BF2008EF5C5 /* ChooseDifficultyTableViewController.swift in Sources */,
				D60615A029F7DCE50002524E /* ExerciseSelectionTableViewController.swift in Sources */,
				D6AC5E9729F689ED00F09150 /* MutlicastDelegate.swift in Sources */,
				D61ECE1A2A2E9B2100732BA1 /* CoreSetRepWeight+CoreDataClass.swift in Sources */,
				D618C70429F676C2000A4D5B /* Session.swift in Sources */,
				D60615A229F7DCF70002524E /* ExerciseCreationViewController.swift in Sources */,
				D663656B29EE114800EF5F0F /* SceneDelegate.swift in Sources */,
				D618C70629F676CB000A4D5B /* Exercise.swift in Sources */,
				D61ECE182A2E9B2100732BA1 /* CoreSession+CoreDataClass.swift in Sources */,
				D61ECE2A2A31BFC500732BA1 /* StatisticExerciseSelectionTableViewController.swift in Sources */,
				D6A6E07729F687DF00A90AE5 /* EmailLoginViewController.swift in Sources */,
				D61ECE1D2A2E9B2100732BA1 /* CoreSessionExercise+CoreDataProperties.swift in Sources */,
				D689D75E2A1C8712004B2D32 /* contents.xcdatamodeld in Sources */,
				D61ECE192A2E9B2100732BA1 /* CoreSession+CoreDataProperties.swift in Sources */,
				D61ECE1B2A2E9B2100732BA1 /* CoreSetRepWeight+CoreDataProperties.swift in Sources */,
				D61ECE1C2A2E9B2100732BA1 /* CoreSessionExercise+CoreDataClass.swift in Sources */,
				D618C70829F676D3000A4D5B /* Routine.swift in Sources */,
				D61ECE1F2A2E9B2100732BA1 /* CoreExercise+CoreDataProperties.swift in Sources */,
				D602919D29F7A33B0052F63C /* TabBarViewController.swift in Sources */,
				D664A70429FF9A1E008EF5C5 /* ChooseCategoryTableViewController.swift in Sources */,
				D663657329EE114800EF5F0F /* FIT3178_Assignment_Project.xcdatamodeld in Sources */,
				D61ECE282A31BD9300732BA1 /* StatisticRoutineSelectionTableViewController.swift in Sources */,
			);
			runOnlyForDeploymentPostprocessing = 0;
		};
/* End PBXSourcesBuildPhase section */

/* Begin PBXVariantGroup section */
		D663657629EE114900EF5F0F /* LaunchScreen.storyboard */ = {
			isa = PBXVariantGroup;
			children = (
				D663657729EE114900EF5F0F /* Base */,
			);
			name = LaunchScreen.storyboard;
			sourceTree = "<group>";
		};
		D69A47C329F7CEBA00462196 /* Main.storyboard */ = {
			isa = PBXVariantGroup;
			children = (
				D69A47C429F7CEBA00462196 /* Base */,
			);
			name = Main.storyboard;
			sourceTree = "<group>";
		};
/* End PBXVariantGroup section */

/* Begin XCBuildConfiguration section */
		D663657A29EE114900EF5F0F /* Debug */ = {
			isa = XCBuildConfiguration;
			buildSettings = {
				ALWAYS_SEARCH_USER_PATHS = NO;
				CLANG_ANALYZER_NONNULL = YES;
				CLANG_ANALYZER_NUMBER_OBJECT_CONVERSION = YES_AGGRESSIVE;
				CLANG_CXX_LANGUAGE_STANDARD = "gnu++20";
				CLANG_ENABLE_MODULES = YES;
				CLANG_ENABLE_OBJC_ARC = YES;
				CLANG_ENABLE_OBJC_WEAK = YES;
				CLANG_WARN_BLOCK_CAPTURE_AUTORELEASING = YES;
				CLANG_WARN_BOOL_CONVERSION = YES;
				CLANG_WARN_COMMA = YES;
				CLANG_WARN_CONSTANT_CONVERSION = YES;
				CLANG_WARN_DEPRECATED_OBJC_IMPLEMENTATIONS = YES;
				CLANG_WARN_DIRECT_OBJC_ISA_USAGE = YES_ERROR;
				CLANG_WARN_DOCUMENTATION_COMMENTS = YES;
				CLANG_WARN_EMPTY_BODY = YES;
				CLANG_WARN_ENUM_CONVERSION = YES;
				CLANG_WARN_INFINITE_RECURSION = YES;
				CLANG_WARN_INT_CONVERSION = YES;
				CLANG_WARN_NON_LITERAL_NULL_CONVERSION = YES;
				CLANG_WARN_OBJC_IMPLICIT_RETAIN_SELF = YES;
				CLANG_WARN_OBJC_LITERAL_CONVERSION = YES;
				CLANG_WARN_OBJC_ROOT_CLASS = YES_ERROR;
				CLANG_WARN_QUOTED_INCLUDE_IN_FRAMEWORK_HEADER = YES;
				CLANG_WARN_RANGE_LOOP_ANALYSIS = YES;
				CLANG_WARN_STRICT_PROTOTYPES = YES;
				CLANG_WARN_SUSPICIOUS_MOVE = YES;
				CLANG_WARN_UNGUARDED_AVAILABILITY = YES_AGGRESSIVE;
				CLANG_WARN_UNREACHABLE_CODE = YES;
				CLANG_WARN__DUPLICATE_METHOD_MATCH = YES;
				COPY_PHASE_STRIP = NO;
				DEBUG_INFORMATION_FORMAT = dwarf;
				ENABLE_STRICT_OBJC_MSGSEND = YES;
				ENABLE_TESTABILITY = YES;
				GCC_C_LANGUAGE_STANDARD = gnu11;
				GCC_DYNAMIC_NO_PIC = NO;
				GCC_NO_COMMON_BLOCKS = YES;
				GCC_OPTIMIZATION_LEVEL = 0;
				GCC_PREPROCESSOR_DEFINITIONS = (
					"DEBUG=1",
					"$(inherited)",
				);
				GCC_WARN_64_TO_32_BIT_CONVERSION = YES;
				GCC_WARN_ABOUT_RETURN_TYPE = YES_ERROR;
				GCC_WARN_UNDECLARED_SELECTOR = YES;
				GCC_WARN_UNINITIALIZED_AUTOS = YES_AGGRESSIVE;
				GCC_WARN_UNUSED_FUNCTION = YES;
				GCC_WARN_UNUSED_VARIABLE = YES;
				IPHONEOS_DEPLOYMENT_TARGET = 16.4;
				MTL_ENABLE_DEBUG_INFO = INCLUDE_SOURCE;
				MTL_FAST_MATH = YES;
				ONLY_ACTIVE_ARCH = YES;
				SDKROOT = iphoneos;
				SWIFT_ACTIVE_COMPILATION_CONDITIONS = DEBUG;
				SWIFT_OPTIMIZATION_LEVEL = "-Onone";
			};
			name = Debug;
		};
		D663657B29EE114900EF5F0F /* Release */ = {
			isa = XCBuildConfiguration;
			buildSettings = {
				ALWAYS_SEARCH_USER_PATHS = NO;
				CLANG_ANALYZER_NONNULL = YES;
				CLANG_ANALYZER_NUMBER_OBJECT_CONVERSION = YES_AGGRESSIVE;
				CLANG_CXX_LANGUAGE_STANDARD = "gnu++20";
				CLANG_ENABLE_MODULES = YES;
				CLANG_ENABLE_OBJC_ARC = YES;
				CLANG_ENABLE_OBJC_WEAK = YES;
				CLANG_WARN_BLOCK_CAPTURE_AUTORELEASING = YES;
				CLANG_WARN_BOOL_CONVERSION = YES;
				CLANG_WARN_COMMA = YES;
				CLANG_WARN_CONSTANT_CONVERSION = YES;
				CLANG_WARN_DEPRECATED_OBJC_IMPLEMENTATIONS = YES;
				CLANG_WARN_DIRECT_OBJC_ISA_USAGE = YES_ERROR;
				CLANG_WARN_DOCUMENTATION_COMMENTS = YES;
				CLANG_WARN_EMPTY_BODY = YES;
				CLANG_WARN_ENUM_CONVERSION = YES;
				CLANG_WARN_INFINITE_RECURSION = YES;
				CLANG_WARN_INT_CONVERSION = YES;
				CLANG_WARN_NON_LITERAL_NULL_CONVERSION = YES;
				CLANG_WARN_OBJC_IMPLICIT_RETAIN_SELF = YES;
				CLANG_WARN_OBJC_LITERAL_CONVERSION = YES;
				CLANG_WARN_OBJC_ROOT_CLASS = YES_ERROR;
				CLANG_WARN_QUOTED_INCLUDE_IN_FRAMEWORK_HEADER = YES;
				CLANG_WARN_RANGE_LOOP_ANALYSIS = YES;
				CLANG_WARN_STRICT_PROTOTYPES = YES;
				CLANG_WARN_SUSPICIOUS_MOVE = YES;
				CLANG_WARN_UNGUARDED_AVAILABILITY = YES_AGGRESSIVE;
				CLANG_WARN_UNREACHABLE_CODE = YES;
				CLANG_WARN__DUPLICATE_METHOD_MATCH = YES;
				COPY_PHASE_STRIP = NO;
				DEBUG_INFORMATION_FORMAT = "dwarf-with-dsym";
				ENABLE_NS_ASSERTIONS = NO;
				ENABLE_STRICT_OBJC_MSGSEND = YES;
				GCC_C_LANGUAGE_STANDARD = gnu11;
				GCC_NO_COMMON_BLOCKS = YES;
				GCC_WARN_64_TO_32_BIT_CONVERSION = YES;
				GCC_WARN_ABOUT_RETURN_TYPE = YES_ERROR;
				GCC_WARN_UNDECLARED_SELECTOR = YES;
				GCC_WARN_UNINITIALIZED_AUTOS = YES_AGGRESSIVE;
				GCC_WARN_UNUSED_FUNCTION = YES;
				GCC_WARN_UNUSED_VARIABLE = YES;
				IPHONEOS_DEPLOYMENT_TARGET = 16.4;
				MTL_ENABLE_DEBUG_INFO = NO;
				MTL_FAST_MATH = YES;
				SDKROOT = iphoneos;
				SWIFT_COMPILATION_MODE = wholemodule;
				SWIFT_OPTIMIZATION_LEVEL = "-O";
				VALIDATE_PRODUCT = YES;
			};
			name = Release;
		};
		D663657D29EE114900EF5F0F /* Debug */ = {
			isa = XCBuildConfiguration;
			buildSettings = {
				ASSETCATALOG_COMPILER_APPICON_NAME = AppIcon;
				ASSETCATALOG_COMPILER_GLOBAL_ACCENT_COLOR_NAME = AccentColor;
				CODE_SIGN_STYLE = Automatic;
				CURRENT_PROJECT_VERSION = 1;
				GENERATE_INFOPLIST_FILE = YES;
				INFOPLIST_FILE = "FIT3178-Assignment-Project/Info.plist";
				INFOPLIST_KEY_UIApplicationSupportsIndirectInputEvents = YES;
				INFOPLIST_KEY_UILaunchStoryboardName = LaunchScreen;
				INFOPLIST_KEY_UIMainStoryboardFile = Main;
				INFOPLIST_KEY_UISupportedInterfaceOrientations_iPad = "UIInterfaceOrientationPortrait UIInterfaceOrientationPortraitUpsideDown UIInterfaceOrientationLandscapeLeft UIInterfaceOrientationLandscapeRight";
				INFOPLIST_KEY_UISupportedInterfaceOrientations_iPhone = "UIInterfaceOrientationPortrait UIInterfaceOrientationLandscapeLeft UIInterfaceOrientationLandscapeRight";
				LD_RUNPATH_SEARCH_PATHS = (
					"$(inherited)",
					"@executable_path/Frameworks",
				);
				MARKETING_VERSION = 1.0;
				PRODUCT_BUNDLE_IDENTIFIER = "edu.monash.FIT3178-Assignment-Project";
				PRODUCT_NAME = "$(TARGET_NAME)";
				SWIFT_EMIT_LOC_STRINGS = YES;
				SWIFT_VERSION = 5.0;
				TARGETED_DEVICE_FAMILY = "1,2";
			};
			name = Debug;
		};
		D663657E29EE114900EF5F0F /* Release */ = {
			isa = XCBuildConfiguration;
			buildSettings = {
				ASSETCATALOG_COMPILER_APPICON_NAME = AppIcon;
				ASSETCATALOG_COMPILER_GLOBAL_ACCENT_COLOR_NAME = AccentColor;
				CODE_SIGN_STYLE = Automatic;
				CURRENT_PROJECT_VERSION = 1;
				GENERATE_INFOPLIST_FILE = YES;
				INFOPLIST_FILE = "FIT3178-Assignment-Project/Info.plist";
				INFOPLIST_KEY_UIApplicationSupportsIndirectInputEvents = YES;
				INFOPLIST_KEY_UILaunchStoryboardName = LaunchScreen;
				INFOPLIST_KEY_UIMainStoryboardFile = Main;
				INFOPLIST_KEY_UISupportedInterfaceOrientations_iPad = "UIInterfaceOrientationPortrait UIInterfaceOrientationPortraitUpsideDown UIInterfaceOrientationLandscapeLeft UIInterfaceOrientationLandscapeRight";
				INFOPLIST_KEY_UISupportedInterfaceOrientations_iPhone = "UIInterfaceOrientationPortrait UIInterfaceOrientationLandscapeLeft UIInterfaceOrientationLandscapeRight";
				LD_RUNPATH_SEARCH_PATHS = (
					"$(inherited)",
					"@executable_path/Frameworks",
				);
				MARKETING_VERSION = 1.0;
				PRODUCT_BUNDLE_IDENTIFIER = "edu.monash.FIT3178-Assignment-Project";
				PRODUCT_NAME = "$(TARGET_NAME)";
				SWIFT_EMIT_LOC_STRINGS = YES;
				SWIFT_VERSION = 5.0;
				TARGETED_DEVICE_FAMILY = "1,2";
			};
			name = Release;
		};
/* End XCBuildConfiguration section */

/* Begin XCConfigurationList section */
		D663656029EE114800EF5F0F /* Build configuration list for PBXProject "FIT3178-Assignment-Project" */ = {
			isa = XCConfigurationList;
			buildConfigurations = (
				D663657A29EE114900EF5F0F /* Debug */,
				D663657B29EE114900EF5F0F /* Release */,
			);
			defaultConfigurationIsVisible = 0;
			defaultConfigurationName = Release;
		};
		D663657C29EE114900EF5F0F /* Build configuration list for PBXNativeTarget "FIT3178-Assignment-Project" */ = {
			isa = XCConfigurationList;
			buildConfigurations = (
				D663657D29EE114900EF5F0F /* Debug */,
				D663657E29EE114900EF5F0F /* Release */,
			);
			defaultConfigurationIsVisible = 0;
			defaultConfigurationName = Release;
		};
/* End XCConfigurationList section */

/* Begin XCRemoteSwiftPackageReference section */
		D602919E29F7AA750052F63C /* XCRemoteSwiftPackageReference "GoogleSignIn-iOS" */ = {
			isa = XCRemoteSwiftPackageReference;
			repositoryURL = "https://github.com/google/GoogleSignIn-iOS.git";
			requirement = {
				kind = upToNextMajorVersion;
				minimumVersion = 7.0.0;
			};
		};
		D649001729EE154F00390C22 /* XCRemoteSwiftPackageReference "firebase-ios-sdk" */ = {
			isa = XCRemoteSwiftPackageReference;
			repositoryURL = "https://github.com/firebase/firebase-ios-sdk.git";
			requirement = {
				kind = upToNextMajorVersion;
				minimumVersion = 10.0.0;
			};
		};
/* End XCRemoteSwiftPackageReference section */

/* Begin XCSwiftPackageProductDependency section */
		D602919F29F7AA750052F63C /* GoogleSignIn */ = {
			isa = XCSwiftPackageProductDependency;
			package = D602919E29F7AA750052F63C /* XCRemoteSwiftPackageReference "GoogleSignIn-iOS" */;
			productName = GoogleSignIn;
		};
		D60291A129F7AA750052F63C /* GoogleSignInSwift */ = {
			isa = XCSwiftPackageProductDependency;
			package = D602919E29F7AA750052F63C /* XCRemoteSwiftPackageReference "GoogleSignIn-iOS" */;
			productName = GoogleSignInSwift;
		};
		D649001829EE154F00390C22 /* FirebaseAuth */ = {
			isa = XCSwiftPackageProductDependency;
			package = D649001729EE154F00390C22 /* XCRemoteSwiftPackageReference "firebase-ios-sdk" */;
			productName = FirebaseAuth;
		};
		D649001A29EE154F00390C22 /* FirebaseFirestore */ = {
			isa = XCSwiftPackageProductDependency;
			package = D649001729EE154F00390C22 /* XCRemoteSwiftPackageReference "firebase-ios-sdk" */;
			productName = FirebaseFirestore;
		};
		D649001C29EE154F00390C22 /* FirebaseFirestoreSwift */ = {
			isa = XCSwiftPackageProductDependency;
			package = D649001729EE154F00390C22 /* XCRemoteSwiftPackageReference "firebase-ios-sdk" */;
			productName = FirebaseFirestoreSwift;
		};
/* End XCSwiftPackageProductDependency section */

/* Begin XCVersionGroup section */
		D663657129EE114800EF5F0F /* FIT3178_Assignment_Project.xcdatamodeld */ = {
			isa = XCVersionGroup;
			children = (
				D663657229EE114800EF5F0F /* FIT3178_Assignment_Project.xcdatamodel */,
			);
			currentVersion = D663657229EE114800EF5F0F /* FIT3178_Assignment_Project.xcdatamodel */;
			path = FIT3178_Assignment_Project.xcdatamodeld;
			sourceTree = "<group>";
			versionGroupType = wrapper.xcdatamodel;
		};
		D689D75C2A1C8712004B2D32 /* contents.xcdatamodeld */ = {
			isa = XCVersionGroup;
			children = (
				D689D75D2A1C8712004B2D32 /* contents.xcdatamodel */,
			);
			currentVersion = D689D75D2A1C8712004B2D32 /* contents.xcdatamodel */;
			path = contents.xcdatamodeld;
			sourceTree = "<group>";
			versionGroupType = wrapper.xcdatamodel;
		};
/* End XCVersionGroup section */
	};
	rootObject = D663655D29EE114800EF5F0F /* Project object */;
}
